
Microsoft Visual Studio Solution File, Format Version 12.00
# Visual Studio Version 16
VisualStudioVersion = 16.0.34301.259
MinimumVisualStudioVersion = 10.0.40219.1
Project("{FAE04EC0-301F-11D3-BF4B-00C04F79EFBC}") = "cüt ədədlər cəmi", "cüt ədədlər cəmi\cüt ədədlər cəmi.csproj", "{4DBCC60D-1FB4-4D68-A43B-2A8A270B6AA9}"
EndProject
Global
	GlobalSection(SolutionConfigurationPlatforms) = preSolution
		Debug|Any CPU = Debug|Any CPU
		Release|Any CPU = Release|Any CPU
	EndGlobalSection
	GlobalSection(ProjectConfigurationPlatforms) = postSolution
		{4DBCC60D-1FB4-4D68-A43B-2A8A270B6AA9}.Debug|Any CPU.ActiveCfg = Debug|Any CPU
		{4DBCC60D-1FB4-4D68-A43B-2A8A270B6AA9}.Debug|Any CPU.Build.0 = Debug|Any CPU
		{4DBCC60D-1FB4-4D68-A43B-2A8A270B6AA9}.Release|Any CPU.ActiveCfg = Release|Any CPU
		{4DBCC60D-1FB4-4D68-A43B-2A8A270B6AA9}.Release|Any CPU.Build.0 = Release|Any CPU
	EndGlobalSection
	GlobalSection(SolutionProperties) = preSolution
		HideSolutionNode = FALSE
	EndGlobalSection
	GlobalSection(ExtensibilityGlobals) = postSolution
		SolutionGuid = {F1846431-1844-4A98-B8F6-447004B5DD1D}
	EndGlobalSection
EndGlobal
